status: LOCKED
selected_config: H1
selection_meaning: SAC literature optimizer setting (Haarnoja et al., SAC Algorithms
  and Applications, Appendix D)
state_schema:
  encoding: surrogate_interleaved_thickness_location
  state_dim: 60
  critic_input_dim: 61
  layout: 30 cells x [normalized_thickness_action, normalized_location], interleaved
  construction: all_state = np.stack((thickness_state, np.broadcast_to(location_state,
    thickness_state.shape)), axis=2).reshape(-1).astype(np.float32)
  one_hot_used: false
  surrogate_input_identical_to_observation: true
  model_row: 10
  model_col: 3
  cell_visit_order: zigzag
network:
  actor:
    input_dim: 60
    hidden:
    - 4096
    - 2048
    - 1024
    - 512
    activation: ReLU
    heads:
    - mu_head
    - log_std_head
    log_std_min: -20.0
    log_std_max: 2.0
    action_squash: tanh
  critics:
    count: 2
    input_dim: 61
    hidden:
    - 4096
    - 2048
    - 1024
    - 512
    activation: ReLU
    output_dim: 1
reward:
  name: original_average_contrast
  numerator: u_i - 0.5*(u_(i-1) + u_(i+1))
  density_code: mean((action + 2)/2) = 0.5 + rho_A
  reward: numerator / density_code
  clipping_or_penalty_or_scaling: none
  task_indices_0based:
    FGL5:
      target: 4
      neighbors:
      - 3
      - 5
    FGL6:
      target: 5
      neighbors:
      - 4
      - 6
    FGL7:
      target: 6
      neighbors:
      - 5
      - 7
sac_and_train_parameters:
  batch_size: 256
  actor_lr: 0.0003
  critic_lr: 0.0003
  alpha_lr: 0.0003
  tau: 0.005
  gamma: 0.99
  episodes: 1500
  episode_length: 30
  memory_fill_episodes: 20
  replay_capacity: 100000
  updates_per_transition: 1
  automatic_entropy_tuning: true
  initial_alpha: 0.2
  target_entropy: -1.0
  weight_decay: 0.0
  reward_scale: 1.0
  log_std_min: -20.0
  log_std_max: 2.0
  domain: source_1.2_to_1.8_mm
  memory_fill_policy: current stochastic policy, no gradient updates
  exploration: SAC squashed-Gaussian only (no OU noise, no extra Gaussian noise)
  determinism: cudnn.deterministic=true, cudnn.benchmark=false, TF32 disabled for
    cudnn and matmul, float32_matmul_precision=highest
  seeds_used_in_calibration:
  - 90
  - 91
  - 92
selection_evidence:
  mean_rank:
    H0: 3.0
    H1: 1.333333
    H2: 1.666667
  primary_metrics:
  - final100
  - AUC1500
  tie_break_rank_gap: 0.25
  tie_break_priority:
  - H1
  - H0
  - H2
  rule_trace:
  - step4 lowest mean rank = H1 (1.3333); runner-up H2 (1.6667); gap 0.3333
  - step5 no tie within 0.25 -> keep H1
  - step7 failure check passed -> LOCK H1
  per_task_metric_means:
    FGL5:
      H0:
        final100: 1.083142
        AUC1500: 0.853804
        early500_AUC: 0.491999
        best_det: 1.12774
      H1:
        final100: 1.086312
        AUC1500: 0.942961
        early500_AUC: 0.657357
        best_det: 1.133871
      H2:
        final100: 1.086045
        AUC1500: 0.942916
        early500_AUC: 0.657713
        best_det: 1.134226
    FGL6:
      H0:
        final100: 0.887512
        AUC1500: 0.679736
        early500_AUC: 0.363052
        best_det: 0.923287
      H1:
        final100: 0.903503
        AUC1500: 0.764364
        early500_AUC: 0.494972
        best_det: 0.945068
      H2:
        final100: 0.903272
        AUC1500: 0.763566
        early500_AUC: 0.493833
        best_det: 0.944848
    FGL7:
      H0:
        final100: 0.596839
        AUC1500: 0.430665
        early500_AUC: 0.161896
        best_det: 0.621093
      H1:
        final100: 0.607347
        AUC1500: 0.488279
        early500_AUC: 0.262354
        best_det: 0.632499
      H2:
        final100: 0.607693
        AUC1500: 0.488521
        early500_AUC: 0.26198
        best_det: 0.632721
  historical_ddpg_used_in_selection: false
hashes:
  bundle_digest: 3f0c151eb4e52987452fa859363e7d83fbe9470e86355bea14c07cedafe9a4f2
  code_sha256:
    configs/experiment.yaml: 2d16cf87c421b425e4e0d0be91c1be7bf41c35472780bffa777617c28368a0c1
    code/sac_agent.py: a0a14a87117b51a3ddc02ffaf320d0488cc2b8b466a7e940c2089e46fee05804
    code/env60.py: 294b26a8a1382248d25d9ff6b6401cc03463ca83cd3491078da0f5a3a87504c2
    code/reward.py: 1f8f7cc5cece811cf977d0497c812292234a7838ebb6e2b28501577812a72a75
    code/common.py: b8edf0195dc919a6e8c432e94a7ae0fef2729e318116746ebd8f07e5ba452475
    code/run_calibration.py: 212002e8f67e6d473e3aefefb2a69d59af662870a044863fa907fd16aa7c616f
    code/unit_tests.py: 251a8ad37764c443a258ee12fb3fde4e4ace05de6ba23c9c92d60b8deb95de49
    code/static_audit.py: 4e5177c7283f57d8ec6fdc3b2c7aceaa9b6175978c886c7378cff75214ea553e
    code/cross_machine_audit.py: 21e05251424573d6841d3f2e598be1b783c6ee928e0bc58236984325b0fcb785
  asset_sha256:
    assets/surrogate_6x10_30000_1.2_to_1.8.pth: e463f9d938926e0d92463d5325a330b54ca6ca5e08e1982ed3503f8f5573742d
    assets/scaler_Y_6x10_30000_1.2_to_1.8.pkl: dc8a3802be78d4944e8dd4a09c45e0e37638b123d19ab9c6e0ec37e8def98ff0
scope_and_limits:
- Locks the SAC optimizer setting on the SOURCE domain (1.2-1.8 mm) only.
- No claim that SAC is algorithmically superior to the historical DDPG; state representation
  and implementation protocol differ.
- Target-domain and transfer-learning experiments are NOT started by this lock.
- Frozen AFTER all 27 runs completed, by the pre-registered rules only. Do not add
  other learning rates, tau or batch sizes after seeing results.
